
Microsoft Visual Studio Solution File, Format Version 12.00
# Visual Studio Version 17
VisualStudioVersion = 17.14.36301.6
MinimumVisualStudioVersion = 10.0.40219.1
Project("{54A90642-561A-4BB1-A94E-469ADEE60C69}") = "frontend", "Frontend\frontend.esproj", "{462EE049-9FE1-B47D-1B3E-22BACA5D9185}"
EndProject
Project("{2150E333-8FDC-42A3-9474-1A3956D46DE8}") = "backend", "backend", "{36D591C7-65C7-A0D1-1CBC-10CDE441BDC8}"
EndProject
Project("{FAE04EC0-301F-11D3-BF4B-00C04F79EFBC}") = "PersonalProductivityHub", "backend\PersonalProductivityHub\PersonalProductivityHub.csproj", "{6D626655-0CFB-2832-19AE-061EA69425DF}"
EndProject
Project("{FAE04EC0-301F-11D3-BF4B-00C04F79EFBC}") = "Infrastructure", "backend\Infrastructure\Infrastructure.csproj", "{BAC07D44-E017-A073-6C9A-C5B760BE66C1}"
EndProject
Project("{FAE04EC0-301F-11D3-BF4B-00C04F79EFBC}") = "Domain", "backend\Domain\Domain.csproj", "{1AF93A02-C695-A740-C744-9453045209F4}"
EndProject
Global
	GlobalSection(SolutionConfigurationPlatforms) = preSolution
		Debug|Any CPU = Debug|Any CPU
		Release|Any CPU = Release|Any CPU
	EndGlobalSection
	GlobalSection(ProjectConfigurationPlatforms) = postSolution
		{462EE049-9FE1-B47D-1B3E-22BACA5D9185}.Debug|Any CPU.ActiveCfg = Debug|Any CPU
		{462EE049-9FE1-B47D-1B3E-22BACA5D9185}.Debug|Any CPU.Build.0 = Debug|Any CPU
		{462EE049-9FE1-B47D-1B3E-22BACA5D9185}.Debug|Any CPU.Deploy.0 = Debug|Any CPU
		{462EE049-9FE1-B47D-1B3E-22BACA5D9185}.Release|Any CPU.ActiveCfg = Release|Any CPU
		{462EE049-9FE1-B47D-1B3E-22BACA5D9185}.Release|Any CPU.Build.0 = Release|Any CPU
		{462EE049-9FE1-B47D-1B3E-22BACA5D9185}.Release|Any CPU.Deploy.0 = Release|Any CPU
		{6D626655-0CFB-2832-19AE-061EA69425DF}.Debug|Any CPU.ActiveCfg = Debug|Any CPU
		{6D626655-0CFB-2832-19AE-061EA69425DF}.Debug|Any CPU.Build.0 = Debug|Any CPU
		{6D626655-0CFB-2832-19AE-061EA69425DF}.Release|Any CPU.ActiveCfg = Release|Any CPU
		{6D626655-0CFB-2832-19AE-061EA69425DF}.Release|Any CPU.Build.0 = Release|Any CPU
		{BAC07D44-E017-A073-6C9A-C5B760BE66C1}.Debug|Any CPU.ActiveCfg = Debug|Any CPU
		{BAC07D44-E017-A073-6C9A-C5B760BE66C1}.Debug|Any CPU.Build.0 = Debug|Any CPU
		{BAC07D44-E017-A073-6C9A-C5B760BE66C1}.Release|Any CPU.ActiveCfg = Release|Any CPU
		{BAC07D44-E017-A073-6C9A-C5B760BE66C1}.Release|Any CPU.Build.0 = Release|Any CPU
		{1AF93A02-C695-A740-C744-9453045209F4}.Debug|Any CPU.ActiveCfg = Debug|Any CPU
		{1AF93A02-C695-A740-C744-9453045209F4}.Debug|Any CPU.Build.0 = Debug|Any CPU
		{1AF93A02-C695-A740-C744-9453045209F4}.Release|Any CPU.ActiveCfg = Release|Any CPU
		{1AF93A02-C695-A740-C744-9453045209F4}.Release|Any CPU.Build.0 = Release|Any CPU
	EndGlobalSection
	GlobalSection(SolutionProperties) = preSolution
		HideSolutionNode = FALSE
	EndGlobalSection
	GlobalSection(NestedProjects) = preSolution
		{6D626655-0CFB-2832-19AE-061EA69425DF} = {36D591C7-65C7-A0D1-1CBC-10CDE441BDC8}
		{BAC07D44-E017-A073-6C9A-C5B760BE66C1} = {36D591C7-65C7-A0D1-1CBC-10CDE441BDC8}
		{1AF93A02-C695-A740-C744-9453045209F4} = {36D591C7-65C7-A0D1-1CBC-10CDE441BDC8}
	EndGlobalSection
	GlobalSection(ExtensibilityGlobals) = postSolution
		SolutionGuid = {B3914190-C2D3-4CBA-BBAC-04C9730AFE09}
	EndGlobalSection
EndGlobal
